{
  "name": "@niivue/niimath-js",
  "version": "0.0.1643716563816",
  "lockfileVersion": 3,
  "requires": true,
  "packages": {
    "": {
      "name": "@niivue/niimath-js",
      "version": "0.0.1643716563816",
      "license": "BSD-2-Clause",
      "dependencies": {
        "nifti-reader-js": "^0.6.8",
        "pako": "^2.1.0"
      }
    },
    "node_modules/fflate": {
      "version": "0.8.1",
      "resolved": "https://registry.npmjs.org/fflate/-/fflate-0.8.1.tgz",
      "integrity": "sha512-/exOvEuc+/iaUm105QIiOt4LpBdMTWsXxqR0HDF35vx3fmaKzw7354gTilCh5rkzEt8WYyG//ku3h3nRmd7CHQ=="
    },
    "node_modules/nifti-reader-js": {
      "version": "0.6.8",
      "resolved": "https://registry.npmjs.org/nifti-reader-js/-/nifti-reader-js-0.6.8.tgz",
      "integrity": "sha512-yIKNVzYFiUcSHazoR+sd6Ka7sUmZTabaVqJRFxbdlAKR1hnPBuNP71g3AyApo37nJ3k41c632QPij5q7gF1YPQ==",
      "dependencies": {
        "fflate": "*"
      }
    },
    "node_modules/pako": {
      "version": "2.1.0",
      "resolved": "https://registry.npmjs.org/pako/-/pako-2.1.0.tgz",
      "integrity": "sha512-w+eufiZ1WuJYgPXbV/PO3NCMEc3xqylkKHzp8bxp1uW4qaSNQUkwmLLEc3kKsfz8lpV1F8Ht3U1Cm+9Srog2ug=="
    }
  }
}
